
Microsoft Visual Studio Solution File, Format Version 12.00
# Visual Studio Version 17
VisualStudioVersion = 17.4.33110.190
MinimumVisualStudioVersion = 10.0.40219.1
Project("{FAE04EC0-301F-11D3-BF4B-00C04F79EFBC}") = "GrpcClient", "GrpcClient\GrpcClient.csproj", "{93B43491-7F48-4224-BC04-FC12379DFA69}"
EndProject
Global
	GlobalSection(SolutionConfigurationPlatforms) = preSolution
		Debug|Any CPU = Debug|Any CPU
		Release|Any CPU = Release|Any CPU
	EndGlobalSection
	GlobalSection(ProjectConfigurationPlatforms) = postSolution
		{93B43491-7F48-4224-BC04-FC12379DFA69}.Debug|Any CPU.ActiveCfg = Debug|Any CPU
		{93B43491-7F48-4224-BC04-FC12379DFA69}.Debug|Any CPU.Build.0 = Debug|Any CPU
		{93B43491-7F48-4224-BC04-FC12379DFA69}.Release|Any CPU.ActiveCfg = Release|Any CPU
		{93B43491-7F48-4224-BC04-FC12379DFA69}.Release|Any CPU.Build.0 = Release|Any CPU
	EndGlobalSection
	GlobalSection(SolutionProperties) = preSolution
		HideSolutionNode = FALSE
	EndGlobalSection
	GlobalSection(ExtensibilityGlobals) = postSolution
		SolutionGuid = {6DF00AB8-12A7-405C-B249-6DF74F6C1D96}
	EndGlobalSection
EndGlobal
